<?xml version="1.0" encoding="utf-8"?>
<Project ToolsVersion="4.0" xmlns="http://schemas.microsoft.com/developer/msbuild/2003">
  <ItemGroup>
    <Filter Include="Source Files">
      <UniqueIdentifier>{4FC737F1-C7A5-4376-A066-2A32D752A2FF}</UniqueIdentifier>
      <Extensions>cpp;c;cc;cxx;c++;cppm;ixx;def;odl;idl;hpj;bat;asm;asmx</Extensions>
    </Filter>
    <Filter Include="Header Files">
      <UniqueIdentifier>{93995380-89BD-4b04-88EB-625FBE52EBFB}</UniqueIdentifier>
      <Extensions>h;hh;hpp;hxx;h++;hm;inl;inc;ipp;xsd</Extensions>
    </Filter>
    <Filter Include="Resource Files">
      <UniqueIdentifier>{67DA6AB6-F800-4c08-8B7A-83BB121AAD01}</UniqueIdentifier>
      <Extensions>rc;ico;cur;bmp;dlg;rc2;rct;bin;rgs;gif;jpg;jpeg;jpe;resx;tiff;tif;png;wav;mfcribbon-ms</Extensions>
    </Filter>
    <Filter Include="Header Files\core">
      <UniqueIdentifier>{2e089e69-b5a8-422b-be1d-5f315aadbf4e}</UniqueIdentifier>
    </Filter>
    <Filter Include="Header Files\core\factory">
      <UniqueIdentifier>{88c233ae-21a4-4915-945f-96f0cdf3d8f8}</UniqueIdentifier>
    </Filter>
    <Filter Include="Header Files\core\general">
      <UniqueIdentifier>{7090d89a-f6bc-4a94-9d3d-5f79942e2b0f}</UniqueIdentifier>
    </Filter>
    <Filter Include="Header Files\core\interface">
      <UniqueIdentifier>{09e1f25d-3b7b-4c68-90dc-3e6d7b2185be}</UniqueIdentifier>
    </Filter>
    <Filter Include="Header Files\widget">
      <UniqueIdentifier>{9da09a3d-890d-46f9-9a63-da07793dace3}</UniqueIdentifier>
    </Filter>
    <Filter Include="Source Files\core">
      <UniqueIdentifier>{e1a7f221-036e-41e1-9566-32cb27a0f813}</UniqueIdentifier>
    </Filter>
    <Filter Include="Source Files\core\general">
      <UniqueIdentifier>{20399324-e831-4ded-9872-cfb7b7dd6acc}</UniqueIdentifier>
    </Filter>
    <Filter Include="Source Files\core\factory">
      <UniqueIdentifier>{68ba6deb-578c-4b6c-965a-98053555a594}</UniqueIdentifier>
    </Filter>
    <Filter Include="Source Files\widget">
      <UniqueIdentifier>{20baa6f1-f443-46f8-98fd-33f0ddcec580}</UniqueIdentifier>
    </Filter>
    <Filter Include="Header Files\state">
      <UniqueIdentifier>{dcf5fdde-7d19-4462-92af-c39cc1cb6b8e}</UniqueIdentifier>
    </Filter>
    <Filter Include="Source Files\state">
      <UniqueIdentifier>{1e108dcd-6761-4a79-a0b5-1bd846dc3ae6}</UniqueIdentifier>
    </Filter>
  </ItemGroup>
  <ItemGroup>
    <ClInclude Include="Programm.hpp">
      <Filter>Header Files</Filter>
    </ClInclude>
    <ClInclude Include="GeneralFactory.hpp">
      <Filter>Header Files\core\factory</Filter>
    </ClInclude>
    <ClInclude Include="WidgetFactory.hpp">
      <Filter>Header Files\core\factory</Filter>
    </ClInclude>
    <ClInclude Include="DateTime.hpp">
      <Filter>Header Files\core\general</Filter>
    </ClInclude>
    <ClInclude Include="ObjectBase.hpp">
      <Filter>Header Files\core\general</Filter>
    </ClInclude>
    <ClInclude Include="Timer.hpp">
      <Filter>Header Files\core\general</Filter>
    </ClInclude>
    <ClInclude Include="IActive.hpp">
      <Filter>Header Files\core\interface</Filter>
    </ClInclude>
    <ClInclude Include="IBase.hpp">
      <Filter>Header Files\core\interface</Filter>
    </ClInclude>
    <ClInclude Include="IEvent.hpp">
      <Filter>Header Files\core\interface</Filter>
    </ClInclude>
    <ClInclude Include="IWindow.hpp">
      <Filter>Header Files\core\interface</Filter>
    </ClInclude>
    <ClInclude Include="Button.hpp">
      <Filter>Header Files\widget</Filter>
    </ClInclude>
    <ClInclude Include="CheckBox.hpp">
      <Filter>Header Files\widget</Filter>
    </ClInclude>
    <ClInclude Include="InputField.hpp">
      <Filter>Header Files\widget</Filter>
    </ClInclude>
    <ClInclude Include="coreMinimal.hpp">
      <Filter>Header Files\core</Filter>
    </ClInclude>
    <ClInclude Include="Palette.hpp">
      <Filter>Header Files\core\general</Filter>
    </ClInclude>
    <ClInclude Include="StateBase.hpp">
      <Filter>Header Files\core\general</Filter>
    </ClInclude>
  </ItemGroup>
  <ItemGroup>
    <ClCompile Include="main.cpp">
      <Filter>Source Files</Filter>
    </ClCompile>
    <ClCompile Include="Programm.cpp">
      <Filter>Source Files</Filter>
    </ClCompile>
    <ClCompile Include="GeneralFactory.cpp">
      <Filter>Source Files\core\factory</Filter>
    </ClCompile>
    <ClCompile Include="WidgetFactory.cpp">
      <Filter>Source Files\core\factory</Filter>
    </ClCompile>
    <ClCompile Include="DateTime.cpp">
      <Filter>Source Files\core\general</Filter>
    </ClCompile>
    <ClCompile Include="ObjectBase.cpp">
      <Filter>Source Files\core\general</Filter>
    </ClCompile>
    <ClCompile Include="Timer.cpp">
      <Filter>Source Files\core\general</Filter>
    </ClCompile>
    <ClCompile Include="Button.cpp">
      <Filter>Source Files\widget</Filter>
    </ClCompile>
    <ClCompile Include="CheckBox.cpp">
      <Filter>Source Files\widget</Filter>
    </ClCompile>
    <ClCompile Include="InputField.cpp">
      <Filter>Source Files\widget</Filter>
    </ClCompile>
    <ClCompile Include="Palette.cpp">
      <Filter>Source Files\core\general</Filter>
    </ClCompile>
    <ClCompile Include="StateBase.cpp">
      <Filter>Source Files\core\general</Filter>
    </ClCompile>
  </ItemGroup>
</Project>