<?xml version="1.0" encoding="utf-8"?>
<Project ToolsVersion="4.0" xmlns="http://schemas.microsoft.com/developer/msbuild/2003">
  <ItemGroup>
    <Filter Include="Source Files">
      <UniqueIdentifier>{4FC737F1-C7A5-4376-A066-2A32D752A2FF}</UniqueIdentifier>
      <Extensions>cpp;c;cc;cxx;c++;cppm;ixx;def;odl;idl;hpj;bat;asm;asmx</Extensions>
    </Filter>
    <Filter Include="Header Files">
      <UniqueIdentifier>{93995380-89BD-4b04-88EB-625FBE52EBFB}</UniqueIdentifier>
      <Extensions>h;hh;hpp;hxx;h++;hm;inl;inc;ipp;xsd</Extensions>
    </Filter>
    <Filter Include="Resource Files">
      <UniqueIdentifier>{67DA6AB6-F800-4c08-8B7A-83BB121AAD01}</UniqueIdentifier>
      <Extensions>rc;ico;cur;bmp;dlg;rc2;rct;bin;rgs;gif;jpg;jpeg;jpe;resx;tiff;tif;png;wav;mfcribbon-ms</Extensions>
    </Filter>
    <Filter Include="Source Files\Factory">
      <UniqueIdentifier>{a4120fc7-0948-44be-a658-22d75b2a88bd}</UniqueIdentifier>
    </Filter>
    <Filter Include="Header Files\Factory">
      <UniqueIdentifier>{c1982cf4-69e6-4619-bb70-50a0131a22d8}</UniqueIdentifier>
    </Filter>
    <Filter Include="Source Files\UI">
      <UniqueIdentifier>{e262c450-524f-4f80-aac8-fd78f680392b}</UniqueIdentifier>
    </Filter>
    <Filter Include="Header Files\UI">
      <UniqueIdentifier>{894e2fd2-bb84-4bf3-aa50-d82b1826cf8b}</UniqueIdentifier>
    </Filter>
  </ItemGroup>
  <ItemGroup>
    <ClInclude Include="ObjectBase.hpp">
      <Filter>Header Files</Filter>
    </ClInclude>
    <ClInclude Include="Timer.hpp">
      <Filter>Header Files</Filter>
    </ClInclude>
    <ClInclude Include="UIFactory.hpp">
      <Filter>Header Files\Factory</Filter>
    </ClInclude>
    <ClInclude Include="Button.hpp">
      <Filter>Header Files\UI</Filter>
    </ClInclude>
    <ClInclude Include="InputField.hpp">
      <Filter>Header Files\UI</Filter>
    </ClInclude>
    <ClInclude Include="UIBase.hpp">
      <Filter>Header Files\UI</Filter>
    </ClInclude>
  </ItemGroup>
  <ItemGroup>
    <ClCompile Include="main.cpp">
      <Filter>Source Files</Filter>
    </ClCompile>
    <ClCompile Include="ObjectBase.cpp">
      <Filter>Source Files</Filter>
    </ClCompile>
    <ClCompile Include="Timer.cpp">
      <Filter>Source Files</Filter>
    </ClCompile>
    <ClCompile Include="UIFactory.cpp">
      <Filter>Source Files\Factory</Filter>
    </ClCompile>
    <ClCompile Include="UIBase.cpp">
      <Filter>Source Files\UI</Filter>
    </ClCompile>
    <ClCompile Include="InputField.cpp">
      <Filter>Source Files\UI</Filter>
    </ClCompile>
    <ClCompile Include="Button.cpp">
      <Filter>Source Files\UI</Filter>
    </ClCompile>
  </ItemGroup>
</Project>